
Microsoft Visual Studio Solution File, Format Version 12.00
# Visual Studio Version 17
VisualStudioVersion = 17.11.35312.102
MinimumVisualStudioVersion = 10.0.40219.1
Project("{9A19103F-16F7-4668-BE54-9A1E7A4F7556}") = "AvaloniaApplication1", "AvaloniaApplication1\AvaloniaApplication1.csproj", "{C3A2AA11-A41E-4B78-9855-C3666AE22FC3}"
EndProject
Project("{9A19103F-16F7-4668-BE54-9A1E7A4F7556}") = "AvaloniaApplication1.Desktop", "AvaloniaApplication1.Desktop\AvaloniaApplication1.Desktop.csproj", "{A4A4B36D-04ED-4EBA-BED5-88170E8CF1B0}"
EndProject
Global
	GlobalSection(SolutionConfigurationPlatforms) = preSolution
		Debug|Any CPU = Debug|Any CPU
		Release|Any CPU = Release|Any CPU
	EndGlobalSection
	GlobalSection(ProjectConfigurationPlatforms) = postSolution
		{C3A2AA11-A41E-4B78-9855-C3666AE22FC3}.Debug|Any CPU.ActiveCfg = Debug|Any CPU
		{C3A2AA11-A41E-4B78-9855-C3666AE22FC3}.Debug|Any CPU.Build.0 = Debug|Any CPU
		{C3A2AA11-A41E-4B78-9855-C3666AE22FC3}.Release|Any CPU.ActiveCfg = Release|Any CPU
		{C3A2AA11-A41E-4B78-9855-C3666AE22FC3}.Release|Any CPU.Build.0 = Release|Any CPU
		{A4A4B36D-04ED-4EBA-BED5-88170E8CF1B0}.Debug|Any CPU.ActiveCfg = Debug|Any CPU
		{A4A4B36D-04ED-4EBA-BED5-88170E8CF1B0}.Debug|Any CPU.Build.0 = Debug|Any CPU
		{A4A4B36D-04ED-4EBA-BED5-88170E8CF1B0}.Release|Any CPU.ActiveCfg = Release|Any CPU
		{A4A4B36D-04ED-4EBA-BED5-88170E8CF1B0}.Release|Any CPU.Build.0 = Release|Any CPU
	EndGlobalSection
	GlobalSection(SolutionProperties) = preSolution
		HideSolutionNode = FALSE
	EndGlobalSection
	GlobalSection(ExtensibilityGlobals) = postSolution
		SolutionGuid = {EBC3270D-90E2-419B-86FB-42ABE6832C39}
	EndGlobalSection
EndGlobal
