
Microsoft Visual Studio Solution File, Format Version 12.00
# Visual Studio Version 17
VisualStudioVersion = 17.11.35312.102
MinimumVisualStudioVersion = 10.0.40219.1
Project("{FAE04EC0-301F-11D3-BF4B-00C04F79EFBC}") = "AvaloniaApplication1", "AvaloniaApplication1\AvaloniaApplication1.csproj", "{6A55262B-7143-4408-A9EB-B9A802291A10}"
EndProject
Global
	GlobalSection(SolutionConfigurationPlatforms) = preSolution
		Debug|Any CPU = Debug|Any CPU
		Release|Any CPU = Release|Any CPU
	EndGlobalSection
	GlobalSection(ProjectConfigurationPlatforms) = postSolution
		{6A55262B-7143-4408-A9EB-B9A802291A10}.Debug|Any CPU.ActiveCfg = Debug|Any CPU
		{6A55262B-7143-4408-A9EB-B9A802291A10}.Debug|Any CPU.Build.0 = Debug|Any CPU
		{6A55262B-7143-4408-A9EB-B9A802291A10}.Release|Any CPU.ActiveCfg = Release|Any CPU
		{6A55262B-7143-4408-A9EB-B9A802291A10}.Release|Any CPU.Build.0 = Release|Any CPU
	EndGlobalSection
	GlobalSection(SolutionProperties) = preSolution
		HideSolutionNode = FALSE
	EndGlobalSection
	GlobalSection(ExtensibilityGlobals) = postSolution
		SolutionGuid = {5E205E52-115E-4B3F-8006-1C99D5671F50}
	EndGlobalSection
EndGlobal
